{
  "version": 4,
  "terraform_version": "0.12.9",
  "serial": 8,
  "lineage": "6ed0c695-f525-975f-087b-8025b81b1d23",
  "outputs": {},
  "resources": [
    {
      "module": "module.gke",
      "mode": "managed",
      "type": "google_container_cluster",
      "name": "guestbook",
      "provider": "module.gke.provider.google",
      "instances": [
        {
          "schema_version": 1,
          "attributes": {
            "additional_zones": [],
            "addons_config": [
              {
                "horizontal_pod_autoscaling": [],
                "http_load_balancing": [],
                "kubernetes_dashboard": [
                  {
                    "disabled": true
                  }
                ],
                "network_policy_config": [
                  {
                    "disabled": true
                  }
                ]
              }
            ],
            "cluster_autoscaling": [],
            "cluster_ipv4_cidr": "10.12.0.0/14",
            "default_max_pods_per_node": 110,
            "description": "",
            "enable_binary_authorization": null,
            "enable_intranode_visibility": null,
            "enable_kubernetes_alpha": false,
            "enable_legacy_abac": false,
            "enable_tpu": null,
            "endpoint": "35.227.88.68",
            "id": "guestbook",
            "initial_node_count": 3,
            "instance_group_urls": [
              "https://www.googleapis.com/compute/v1/projects/certiphication/zones/us-east1-b/instanceGroups/gke-guestbook-default-pool-3d59672a-grp"
            ],
            "ip_allocation_policy": [],
            "location": "us-east1-b",
            "logging_service": "logging.googleapis.com",
            "maintenance_policy": [],
            "master_auth": [
              {
                "client_certificate": "",
                "client_certificate_config": [
                  {
                    "issue_client_certificate": false
                  }
                ],
                "client_key": "",
                "cluster_ca_certificate": "LS0tLS1CRUdJTiBDRVJUSUZJQ0FURS0tLS0tCk1JSURERENDQWZTZ0F3SUJBZ0lSQUpDKzZjWnBQQjJlMHZLb2tJWms2Qmt3RFFZSktvWklodmNOQVFFTEJRQXcKTHpFdE1Dc0dBMVVFQXhNa1l6UmtZV1EwTWprdE5qQTRNaTAwTm1ObUxUa3dPVFF0TkdFd05qZzVPRFE1TmpobQpNQjRYRFRFNU1UQXhOakV5TVRVek5sb1hEVEkwTVRBeE5ERXpNVFV6Tmxvd0x6RXRNQ3NHQTFVRUF4TWtZelJrCllXUTBNamt0TmpBNE1pMDBObU5tTFRrd09UUXROR0V3TmpnNU9EUTVOamhtTUlJQklqQU5CZ2txaGtpRzl3MEIKQVFFRkFBT0NBUThBTUlJQkNnS0NBUUVBb0FzNW5aSXpnQ1NkTlVadkFucGRzM3YweTMwUWxZeVk0RHgzVm9URwpwcmt5WTZQL3hCdEdhbmpGT29WZUFsaUlSQUpZK252RFZuZjErM3hqTHd5Q2cvVTJudkNzU2Z0dGhYaU1jOGE4CmdSY0RwQmlQNSt3b0dhRDhtYjRYdjFEV2J4YUQ3ZC9Ja2pjZVptM0lQZ1ZJYmZRZnVtcHBlVTkyd3VJREY1Z0gKbVhOdGRhM3VBSVBPZXRzeW84cDNYMC9vd0JJbUxORHZGYXdxTkZoclJKSUhWdDZOalZqbTBqdTRPaGY0OFg2aQp0R0F3QmRjaEx4ckExTmlpWmhjSWJPN2hqa2hLSm9zM2lhSjE3eWlZRmZuZ0RPRitCRlAzSlZreHpJMCs5NjFlCkErTjZ5MnhzUWcwcUV1bFFBUStTdTF4WkVRMlhKZmxoa25yMUVnZkkxeVZxbndJREFRQUJveU13SVRBT0JnTlYKSFE4QkFmOEVCQU1DQWdRd0R3WURWUjBUQVFIL0JBVXdBd0VCL3pBTkJna3Foa2lHOXcwQkFRc0ZBQU9DQVFFQQpoeDhiMVJPT0I4eVVteXdTd3NhQ0VxaVhmZnYvV0xsQXN5eXMrejRTR0tySVVweEZkWWtrcmZRRTJQU2pZU1E2CkdYU1pPc3ZvV1hpWXB3YW9RVXJpOXdWNGdEV3RtSkFBUjdETWM1eVJwMDIrbzVuWjEyM3RITG5pZEg0UDB1cjAKRUErUlFTbk1hZmFRUUdtZjh5Tm1iTHVJcjJOS2UvYkgyQ1BQenZEVFNTWG92REk2Z3RkbHNVWjZrZUxLK1N6UApueDdPSU5NK00rMWovMkp2a3VBWnRJbi9XYkNieS93MkpORUJUU2E5azR1TS9NNEJyQWwzTld5VU0zUmhjMU95ClRzZkdaZnVjLy9mVEFYb0dnTnJ5eUlHQ28wY3FtcUFiRXRrMmFVdHIrR1V6eHVRYjI4OG1zMWdTQ2EwcndidXMKMnMxUnhmU2F1MnpZZWladXg3bXBQdz09Ci0tLS0tRU5EIENFUlRJRklDQVRFLS0tLS0K",
                "password": "m8XBWrg2zt8R8JoH",
                "username": "admin"
              }
            ],
            "master_authorized_networks_config": [],
            "master_version": "1.13.10-gke.0",
            "min_master_version": null,
            "monitoring_service": "monitoring.googleapis.com",
            "name": "guestbook",
            "network": "projects/certiphication/global/networks/default",
            "network_policy": [
              {
                "enabled": false,
                "provider": "PROVIDER_UNSPECIFIED"
              }
            ],
            "node_config": [
              {
                "disk_size_gb": 100,
                "disk_type": "pd-standard",
                "guest_accelerator": [],
                "image_type": "COS",
                "labels": {},
                "local_ssd_count": 0,
                "machine_type": "n1-standard-1",
                "metadata": {
                  "disable-legacy-endpoints": "true"
                },
                "min_cpu_platform": "",
                "oauth_scopes": [
                  "https://www.googleapis.com/auth/compute",
                  "https://www.googleapis.com/auth/devstorage.read_only",
                  "https://www.googleapis.com/auth/logging.write",
                  "https://www.googleapis.com/auth/monitoring",
                  "https://www.googleapis.com/auth/service.management.readonly",
                  "https://www.googleapis.com/auth/servicecontrol",
                  "https://www.googleapis.com/auth/trace.append"
                ],
                "preemptible": false,
                "sandbox_config": [],
                "service_account": "default",
                "tags": null,
                "taint": [],
                "workload_metadata_config": []
              }
            ],
            "node_locations": [],
            "node_pool": [
              {
                "autoscaling": [],
                "initial_node_count": 3,
                "instance_group_urls": [
                  "https://www.googleapis.com/compute/v1/projects/certiphication/zones/us-east1-b/instanceGroupManagers/gke-guestbook-default-pool-3d59672a-grp"
                ],
                "management": [
                  {
                    "auto_repair": false,
                    "auto_upgrade": false
                  }
                ],
                "max_pods_per_node": 0,
                "name": "default-pool",
                "name_prefix": "",
                "node_config": [
                  {
                    "disk_size_gb": 100,
                    "disk_type": "pd-standard",
                    "guest_accelerator": [],
                    "image_type": "COS",
                    "labels": {},
                    "local_ssd_count": 0,
                    "machine_type": "n1-standard-1",
                    "metadata": {
                      "disable-legacy-endpoints": "true"
                    },
                    "min_cpu_platform": "",
                    "oauth_scopes": [
                      "https://www.googleapis.com/auth/compute",
                      "https://www.googleapis.com/auth/devstorage.read_only",
                      "https://www.googleapis.com/auth/logging.write",
                      "https://www.googleapis.com/auth/monitoring",
                      "https://www.googleapis.com/auth/service.management.readonly",
                      "https://www.googleapis.com/auth/servicecontrol",
                      "https://www.googleapis.com/auth/trace.append"
                    ],
                    "preemptible": false,
                    "sandbox_config": [],
                    "service_account": "default",
                    "tags": [],
                    "taint": [],
                    "workload_metadata_config": []
                  }
                ],
                "node_count": 3,
                "version": "1.13.10-gke.0"
              }
            ],
            "node_version": "1.13.10-gke.0",
            "pod_security_policy_config": [],
            "private_cluster_config": [],
            "project": "certiphication",
            "region": null,
            "remove_default_node_pool": null,
            "resource_labels": null,
            "services_ipv4_cidr": "10.15.240.0/20",
            "subnetwork": "projects/certiphication/regions/us-east1/subnetworks/default",
            "timeouts": null,
            "zone": "us-east1-b"
          },
          "private": "eyJlMmJmYjczMC1lY2FhLTExZTYtOGY4OC0zNDM2M2JjN2M0YzAiOnsiY3JlYXRlIjoxODAwMDAwMDAwMDAwLCJkZWxldGUiOjE4MDAwMDAwMDAwMDAsInVwZGF0ZSI6MzYwMDAwMDAwMDAwMH0sInNjaGVtYV92ZXJzaW9uIjoiMSJ9"
        }
      ]
    },
    {
      "module": "module.k8s",
      "mode": "managed",
      "type": "kubernetes_replication_controller",
      "name": "frontend",
      "provider": "module.k8s.provider.kubernetes",
      "instances": [
        {
          "schema_version": 0,
          "attributes": {
            "id": "default/frontend",
            "metadata": [
              {
                "annotations": null,
                "generate_name": "",
                "generation": 1,
                "labels": {
                  "app": "guestbook",
                  "tier": "frontend"
                },
                "name": "frontend",
                "namespace": "default",
                "resource_version": "794",
                "self_link": "/api/v1/namespaces/default/replicationcontrollers/frontend",
                "uid": "8a05b1e7-f017-11e9-ad3d-42010a8e000d"
              }
            ],
            "spec": [
              {
                "min_ready_seconds": 0,
                "replicas": 3,
                "selector": {
                  "app": "guestbook",
                  "tier": "frontend"
                },
                "template": [
                  {
                    "active_deadline_seconds": 0,
                    "affinity": [],
                    "automount_service_account_token": false,
                    "container": [
                      {
                        "args": null,
                        "command": null,
                        "env": [
                          {
                            "name": "GET_HOSTS_FROM",
                            "value": "dns",
                            "value_from": []
                          }
                        ],
                        "env_from": [],
                        "image": "gcr.io/google-samples/gb-frontend:v4",
                        "image_pull_policy": "IfNotPresent",
                        "lifecycle": [],
                        "liveness_probe": [],
                        "name": "php-redis",
                        "port": [
                          {
                            "container_port": 80,
                            "host_ip": "",
                            "host_port": 0,
                            "name": "",
                            "protocol": "TCP"
                          }
                        ],
                        "readiness_probe": [],
                        "resources": [
                          {
                            "limits": [],
                            "requests": [
                              {
                                "cpu": "100m",
                                "memory": "100Mi"
                              }
                            ]
                          }
                        ],
                        "security_context": [],
                        "stdin": false,
                        "stdin_once": false,
                        "termination_message_path": "/dev/termination-log",
                        "tty": false,
                        "volume_mount": [],
                        "working_dir": ""
                      }
                    ],
                    "dns_config": [],
                    "dns_policy": "ClusterFirst",
                    "host_aliases": [],
                    "host_ipc": false,
                    "host_network": false,
                    "host_pid": false,
                    "hostname": "",
                    "image_pull_secrets": [],
                    "init_container": [],
                    "metadata": [],
                    "node_name": "",
                    "node_selector": {},
                    "restart_policy": "Always",
                    "security_context": [],
                    "service_account_name": "",
                    "share_process_namespace": false,
                    "spec": [],
                    "subdomain": "",
                    "termination_grace_period_seconds": 0,
                    "toleration": [],
                    "volume": []
                  }
                ]
              }
            ],
            "timeouts": null
          },
          "private": "eyJlMmJmYjczMC1lY2FhLTExZTYtOGY4OC0zNDM2M2JjN2M0YzAiOnsiY3JlYXRlIjo2MDAwMDAwMDAwMDAsImRlbGV0ZSI6NjAwMDAwMDAwMDAwLCJ1cGRhdGUiOjYwMDAwMDAwMDAwMH19"
        }
      ]
    },
    {
      "module": "module.k8s",
      "mode": "managed",
      "type": "kubernetes_replication_controller",
      "name": "redis-master",
      "provider": "module.k8s.provider.kubernetes",
      "instances": [
        {
          "schema_version": 0,
          "attributes": {
            "id": "default/redis-master",
            "metadata": [
              {
                "annotations": null,
                "generate_name": "",
                "generation": 1,
                "labels": {
                  "app": "redis",
                  "role": "master",
                  "tier": "backend"
                },
                "name": "redis-master",
                "namespace": "default",
                "resource_version": "778",
                "self_link": "/api/v1/namespaces/default/replicationcontrollers/redis-master",
                "uid": "89bfecf8-f017-11e9-ad3d-42010a8e000d"
              }
            ],
            "spec": [
              {
                "min_ready_seconds": 0,
                "replicas": 1,
                "selector": {
                  "app": "redis",
                  "role": "master",
                  "tier": "backend"
                },
                "template": [
                  {
                    "active_deadline_seconds": 0,
                    "affinity": [],
                    "automount_service_account_token": false,
                    "container": [
                      {
                        "args": null,
                        "command": null,
                        "env": [],
                        "env_from": [],
                        "image": "k8s.gcr.io/redis:e2e",
                        "image_pull_policy": "IfNotPresent",
                        "lifecycle": [],
                        "liveness_probe": [],
                        "name": "master",
                        "port": [
                          {
                            "container_port": 6379,
                            "host_ip": "",
                            "host_port": 0,
                            "name": "",
                            "protocol": "TCP"
                          }
                        ],
                        "readiness_probe": [],
                        "resources": [
                          {
                            "limits": [],
                            "requests": [
                              {
                                "cpu": "100m",
                                "memory": "100Mi"
                              }
                            ]
                          }
                        ],
                        "security_context": [],
                        "stdin": false,
                        "stdin_once": false,
                        "termination_message_path": "/dev/termination-log",
                        "tty": false,
                        "volume_mount": [],
                        "working_dir": ""
                      }
                    ],
                    "dns_config": [],
                    "dns_policy": "ClusterFirst",
                    "host_aliases": [],
                    "host_ipc": false,
                    "host_network": false,
                    "host_pid": false,
                    "hostname": "",
                    "image_pull_secrets": [],
                    "init_container": [],
                    "metadata": [],
                    "node_name": "",
                    "node_selector": {},
                    "restart_policy": "Always",
                    "security_context": [],
                    "service_account_name": "",
                    "share_process_namespace": false,
                    "spec": [],
                    "subdomain": "",
                    "termination_grace_period_seconds": 0,
                    "toleration": [],
                    "volume": []
                  }
                ]
              }
            ],
            "timeouts": null
          },
          "private": "eyJlMmJmYjczMC1lY2FhLTExZTYtOGY4OC0zNDM2M2JjN2M0YzAiOnsiY3JlYXRlIjo2MDAwMDAwMDAwMDAsImRlbGV0ZSI6NjAwMDAwMDAwMDAwLCJ1cGRhdGUiOjYwMDAwMDAwMDAwMH19"
        }
      ]
    },
    {
      "module": "module.k8s",
      "mode": "managed",
      "type": "kubernetes_replication_controller",
      "name": "redis-slave",
      "provider": "module.k8s.provider.kubernetes",
      "instances": [
        {
          "schema_version": 0,
          "attributes": {
            "id": "default/redis-slave",
            "metadata": [
              {
                "annotations": null,
                "generate_name": "",
                "generation": 1,
                "labels": {
                  "app": "redis",
                  "role": "slave",
                  "tier": "backend"
                },
                "name": "redis-slave",
                "namespace": "default",
                "resource_version": "793",
                "self_link": "/api/v1/namespaces/default/replicationcontrollers/redis-slave",
                "uid": "8a08a81c-f017-11e9-ad3d-42010a8e000d"
              }
            ],
            "spec": [
              {
                "min_ready_seconds": 0,
                "replicas": 2,
                "selector": {
                  "app": "redis",
                  "role": "slave",
                  "tier": "backend"
                },
                "template": [
                  {
                    "active_deadline_seconds": 0,
                    "affinity": [],
                    "automount_service_account_token": false,
                    "container": [
                      {
                        "args": null,
                        "command": null,
                        "env": [
                          {
                            "name": "GET_HOSTS_FROM",
                            "value": "dns",
                            "value_from": []
                          }
                        ],
                        "env_from": [],
                        "image": "gcr.io/google_samples/gb-redisslave:v1",
                        "image_pull_policy": "IfNotPresent",
                        "lifecycle": [],
                        "liveness_probe": [],
                        "name": "slave",
                        "port": [
                          {
                            "container_port": 6379,
                            "host_ip": "",
                            "host_port": 0,
                            "name": "",
                            "protocol": "TCP"
                          }
                        ],
                        "readiness_probe": [],
                        "resources": [
                          {
                            "limits": [],
                            "requests": [
                              {
                                "cpu": "100m",
                                "memory": "100Mi"
                              }
                            ]
                          }
                        ],
                        "security_context": [],
                        "stdin": false,
                        "stdin_once": false,
                        "termination_message_path": "/dev/termination-log",
                        "tty": false,
                        "volume_mount": [],
                        "working_dir": ""
                      }
                    ],
                    "dns_config": [],
                    "dns_policy": "ClusterFirst",
                    "host_aliases": [],
                    "host_ipc": false,
                    "host_network": false,
                    "host_pid": false,
                    "hostname": "",
                    "image_pull_secrets": [],
                    "init_container": [],
                    "metadata": [],
                    "node_name": "",
                    "node_selector": {},
                    "restart_policy": "Always",
                    "security_context": [],
                    "service_account_name": "",
                    "share_process_namespace": false,
                    "spec": [],
                    "subdomain": "",
                    "termination_grace_period_seconds": 0,
                    "toleration": [],
                    "volume": []
                  }
                ]
              }
            ],
            "timeouts": null
          },
          "private": "eyJlMmJmYjczMC1lY2FhLTExZTYtOGY4OC0zNDM2M2JjN2M0YzAiOnsiY3JlYXRlIjo2MDAwMDAwMDAwMDAsImRlbGV0ZSI6NjAwMDAwMDAwMDAwLCJ1cGRhdGUiOjYwMDAwMDAwMDAwMH19"
        }
      ]
    },
    {
      "module": "module.k8s",
      "mode": "managed",
      "type": "kubernetes_service",
      "name": "frontend",
      "provider": "module.k8s.provider.kubernetes",
      "instances": [
        {
          "schema_version": 0,
          "attributes": {
            "id": "default/frontend",
            "load_balancer_ingress": [
              {
                "hostname": "",
                "ip": "34.73.87.6"
              }
            ],
            "metadata": [
              {
                "annotations": null,
                "generate_name": "",
                "generation": 0,
                "labels": {
                  "app": "guestbook",
                  "tier": "frontend"
                },
                "name": "frontend",
                "namespace": "default",
                "resource_version": "1057",
                "self_link": "/api/v1/namespaces/default/services/frontend",
                "uid": "859c8d4e-f017-11e9-ad3d-42010a8e000d"
              }
            ],
            "spec": [
              {
                "cluster_ip": "10.15.249.158",
                "external_ips": null,
                "external_name": "",
                "external_traffic_policy": "Cluster",
                "load_balancer_ip": "",
                "load_balancer_source_ranges": null,
                "port": [
                  {
                    "name": "",
                    "node_port": 30005,
                    "port": 80,
                    "protocol": "TCP",
                    "target_port": "80"
                  }
                ],
                "publish_not_ready_addresses": false,
                "selector": {
                  "app": "guestbook",
                  "tier": "frontend"
                },
                "session_affinity": "None",
                "type": "LoadBalancer"
              }
            ]
          },
          "private": "bnVsbA=="
        }
      ]
    },
    {
      "module": "module.k8s",
      "mode": "managed",
      "type": "kubernetes_service",
      "name": "redis-master",
      "provider": "module.k8s.provider.kubernetes",
      "instances": [
        {
          "schema_version": 0,
          "attributes": {
            "id": "default/redis-master",
            "load_balancer_ingress": [],
            "metadata": [
              {
                "annotations": null,
                "generate_name": "",
                "generation": 0,
                "labels": {
                  "app": "redis",
                  "role": "master",
                  "tier": "backend"
                },
                "name": "redis-master",
                "namespace": "default",
                "resource_version": "725",
                "self_link": "/api/v1/namespaces/default/services/redis-master",
                "uid": "85bd525a-f017-11e9-ad3d-42010a8e000d"
              }
            ],
            "spec": [
              {
                "cluster_ip": "10.15.245.145",
                "external_ips": null,
                "external_name": "",
                "external_traffic_policy": "",
                "load_balancer_ip": "",
                "load_balancer_source_ranges": null,
                "port": [
                  {
                    "name": "",
                    "node_port": 0,
                    "port": 6379,
                    "protocol": "TCP",
                    "target_port": "6379"
                  }
                ],
                "publish_not_ready_addresses": false,
                "selector": {
                  "app": "redis",
                  "role": "master",
                  "tier": "backend"
                },
                "session_affinity": "None",
                "type": "ClusterIP"
              }
            ]
          },
          "private": "bnVsbA=="
        }
      ]
    },
    {
      "module": "module.k8s",
      "mode": "managed",
      "type": "kubernetes_service",
      "name": "redis-slave",
      "provider": "module.k8s.provider.kubernetes",
      "instances": [
        {
          "schema_version": 0,
          "attributes": {
            "id": "default/redis-slave",
            "load_balancer_ingress": [],
            "metadata": [
              {
                "annotations": null,
                "generate_name": "",
                "generation": 0,
                "labels": {
                  "app": "redis",
                  "role": "slave",
                  "tier": "backend"
                },
                "name": "redis-slave",
                "namespace": "default",
                "resource_version": "717",
                "self_link": "/api/v1/namespaces/default/services/redis-slave",
                "uid": "859cdcc8-f017-11e9-ad3d-42010a8e000d"
              }
            ],
            "spec": [
              {
                "cluster_ip": "10.15.243.147",
                "external_ips": null,
                "external_name": "",
                "external_traffic_policy": "",
                "load_balancer_ip": "",
                "load_balancer_source_ranges": null,
                "port": [
                  {
                    "name": "",
                    "node_port": 0,
                    "port": 6379,
                    "protocol": "TCP",
                    "target_port": "6379"
                  }
                ],
                "publish_not_ready_addresses": false,
                "selector": {
                  "app": "redis",
                  "role": "slave",
                  "tier": "backend"
                },
                "session_affinity": "None",
                "type": "ClusterIP"
              }
            ]
          },
          "private": "bnVsbA=="
        }
      ]
    }
  ]
}
